(setq el-get-lock-package-versions
      '((magit :checksum "3820ca58f7ed11efc558f973cf1e5f4cbb69de1d")
        (swiper :checksum "040d458bce4a88f37359192061bcea5ebe87007c")
        (ddskk :checksum "ce0517127586e26f95f94f45d22a832f40a28321")))
(setq el-get-lock-locked-packages
      '(transient magit swiper ddskk))
(setq el-get-lock-unlocked-packages 'nil)
