(setq el-get-lock-package-versions
      '((ddskk :checksum "5b4cd5c73e7a273d1814d83bf7534704778f2a2d")
        (transient :checksum "96cec8e16e081491bd7e04880e0037bc190fae16")
        (magit :checksum "cd9ab2c63c71cee01a7fef35f11a84f3ef5cdec2")))
(setq el-get-lock-locked-packages
      '(swiper ddskk transient magit))
(setq el-get-lock-unlocked-packages 'nil)
