(setq el-get-lock-package-versions
      '((ddskk :checksum "5b4cd5c73e7a273d1814d83bf7534704778f2a2d")
        (company-lsp :checksum "f921ffa0cdc542c21dc3dd85f2c93df4288e83bd")
        (lsp-ui :checksum "d4a45b95f2ce1b0f0ba2ff7ed1d7b90d7c8483d2")
        (lsp-mode :checksum "7ed4422fe4f546ac9e42c19524b6cecf04b7095c")
        (magit :checksum "791901b2f1d26fa0a383147fe77948a9abc753da")))
(setq el-get-lock-locked-packages
      '(ddskk company-lsp lsp-ui lsp-mode magit))
(setq el-get-lock-unlocked-packages 'nil)
